
Microsoft Visual Studio Solution File, Format Version 12.00
# Visual Studio Version 16
VisualStudioVersion = 16.0.31424.327
MinimumVisualStudioVersion = 10.0.40219.1
Project("{FAE04EC0-301F-11D3-BF4B-00C04F79EFBC}") = "Task1", "Task1\Task1.csproj", "{490F923A-6F96-4F1D-BD79-A2FE57C3743C}"
EndProject
Global
	GlobalSection(SolutionConfigurationPlatforms) = preSolution
		Debug|Any CPU = Debug|Any CPU
		Release|Any CPU = Release|Any CPU
	EndGlobalSection
	GlobalSection(ProjectConfigurationPlatforms) = postSolution
		{490F923A-6F96-4F1D-BD79-A2FE57C3743C}.Debug|Any CPU.ActiveCfg = Debug|Any CPU
		{490F923A-6F96-4F1D-BD79-A2FE57C3743C}.Debug|Any CPU.Build.0 = Debug|Any CPU
		{490F923A-6F96-4F1D-BD79-A2FE57C3743C}.Release|Any CPU.ActiveCfg = Release|Any CPU
		{490F923A-6F96-4F1D-BD79-A2FE57C3743C}.Release|Any CPU.Build.0 = Release|Any CPU
	EndGlobalSection
	GlobalSection(SolutionProperties) = preSolution
		HideSolutionNode = FALSE
	EndGlobalSection
	GlobalSection(ExtensibilityGlobals) = postSolution
		SolutionGuid = {BDDF130D-5A91-45FF-B08F-1ECB41F0CA1D}
	EndGlobalSection
EndGlobal
